{
  "version": "5",
  "redirects": {
    "https://esm.sh/@polar-sh/sdk": "https://esm.sh/@polar-sh/sdk@0.34.2",
    "https://esm.sh/zod@^3.25.67?target=denonext": "https://esm.sh/zod@3.25.67?target=denonext"
  },
  "remote": {
    "https://deno.land/std@0.190.0/_util/asserts.ts": "178dfc49a464aee693a7e285567b3d0b555dc805ff490505a8aae34f9cfb1462",
    "https://deno.land/std@0.190.0/async/abortable.ts": "fd682fa46f3b7b16b4606a5ab52a7ce309434b76f820d3221bdfb862719a15d7",
    "https://deno.land/std@0.190.0/async/deadline.ts": "58f72a3cc0fcb731b2cc055ba046f4b5be3349ff6bf98f2e793c3b969354aab2",
    "https://deno.land/std@0.190.0/async/debounce.ts": "adab11d04ca38d699444ac8a9d9856b4155e8dda2afd07ce78276c01ea5a4332",
    "https://deno.land/std@0.190.0/async/deferred.ts": "42790112f36a75a57db4a96d33974a936deb7b04d25c6084a9fa8a49f135def8",
    "https://deno.land/std@0.190.0/async/delay.ts": "73aa04cec034c84fc748c7be49bb15cac3dd43a57174bfdb7a4aec22c248f0dd",
    "https://deno.land/std@0.190.0/async/mod.ts": "f04344fa21738e5ad6bea37a6bfffd57c617c2d372bb9f9dcfd118a1b622e576",
    "https://deno.land/std@0.190.0/async/mux_async_iterator.ts": "70c7f2ee4e9466161350473ad61cac0b9f115cff4c552eaa7ef9d50c4cbb4cc9",
    "https://deno.land/std@0.190.0/async/pool.ts": "f1b8d3df4d7fd3c73f8cbc91cc2e8b8e950910f1eab94230b443944d7584c657",
    "https://deno.land/std@0.190.0/async/retry.ts": "c9248325ec08cc2cceb7618472e77589a51a25cee460e07b6096be34966c2ead",
    "https://deno.land/std@0.190.0/async/tee.ts": "47e42d35f622650b02234d43803d0383a89eb4387e1b83b5a40106d18ae36757",
    "https://deno.land/std@0.190.0/http/server.ts": "1b23463b5b36e4eebc495417f6af47a6f7d52e3294827a1226d2a1aab23d9d20",
    "https://esm.sh/@polar-sh/sdk@0.34.2": "924186d604a0bec8404fb10f8221041c117e207fb41ea90e24cc5e56ebb9d815",
    "https://esm.sh/@polar-sh/sdk@0.34.2/denonext/sdk.mjs": "58ea42cd7adb8d779ca5a1ef0e54d004dd6d899c15cfda0056232c69a1e0266a",
    "https://esm.sh/zod@3.25.67/denonext/zod.mjs": "a98934146e48c30c7e5f521f9ab9679d1d1cfa5649e82773470c80fd80743adb",
    "https://esm.sh/zod@3.25.67?target=denonext": "7b70259ec8ba5d5a51852222b1eb6a2ab74126dfa8da7d0d75007a937a7118ac"
  },
  "workspace": {
    "packageJson": {
      "dependencies": [
        "npm:@hookform/resolvers@^3.6.0",
        "npm:@polar-sh/sdk@~0.34.2",
        "npm:@radix-ui/react-accordion@^1.1.2",
        "npm:@radix-ui/react-alert-dialog@^1.0.5",
        "npm:@radix-ui/react-aspect-ratio@^1.0.3",
        "npm:@radix-ui/react-avatar@^1.0.4",
        "npm:@radix-ui/react-checkbox@^1.0.4",
        "npm:@radix-ui/react-collapsible@^1.0.3",
        "npm:@radix-ui/react-context-menu@^2.1.5",
        "npm:@radix-ui/react-dialog@^1.0.5",
        "npm:@radix-ui/react-dropdown-menu@^2.0.6",
        "npm:@radix-ui/react-hover-card@^1.0.7",
        "npm:@radix-ui/react-icons@^1.3.0",
        "npm:@radix-ui/react-label@^2.0.2",
        "npm:@radix-ui/react-menubar@^1.0.4",
        "npm:@radix-ui/react-navigation-menu@^1.1.4",
        "npm:@radix-ui/react-popover@^1.0.7",
        "npm:@radix-ui/react-progress@^1.0.3",
        "npm:@radix-ui/react-radio-group@^1.1.3",
        "npm:@radix-ui/react-scroll-area@^1.0.5",
        "npm:@radix-ui/react-select@2",
        "npm:@radix-ui/react-separator@^1.0.3",
        "npm:@radix-ui/react-slider@^1.1.2",
        "npm:@radix-ui/react-slot@^1.0.2",
        "npm:@radix-ui/react-switch@^1.0.3",
        "npm:@radix-ui/react-tabs@^1.0.4",
        "npm:@radix-ui/react-toast@^1.1.5",
        "npm:@radix-ui/react-toggle@^1.0.3",
        "npm:@radix-ui/react-tooltip@^1.0.7",
        "npm:@supabase/supabase-js@^2.45.6",
        "npm:@swc/core@1.3.96",
        "npm:@types/deno@^2.3.0",
        "npm:@types/node@^20.14.2",
        "npm:@types/react-dom@^18.2.22",
        "npm:@types/react@^18.2.66",
        "npm:@vitejs/plugin-react-swc@3.5.0",
        "npm:autoprefixer@^10.4.19",
        "npm:class-variance-authority@0.7",
        "npm:clsx@^2.1.1",
        "npm:cmdk@1",
        "npm:date-fns@^3.6.0",
        "npm:embla-carousel-react@^8.1.5",
        "npm:framer-motion@^11.18.0",
        "npm:lucide-react@0.394",
        "npm:postcss@^8.4.38",
        "npm:react-day-picker@^8.10.1",
        "npm:react-dom@^18.2.0",
        "npm:react-hook-form@^7.51.5",
        "npm:react-resizable-panels@^2.0.19",
        "npm:react-router-dom@^6.23.1",
        "npm:react-router@^6.23.1",
        "npm:react@^18.2.0",
        "npm:recharts@^2.15.3",
        "npm:tailwind-merge@^2.3.0",
        "npm:tailwindcss-animate@^1.0.7",
        "npm:tailwindcss@3.4.1",
        "npm:tempo-devtools@^2.0.108",
        "npm:typescript@^5.2.2",
        "npm:vaul@~0.9.1",
        "npm:vite@^5.2.0",
        "npm:zod@^3.23.8"
      ]
    }
  }
}
